<?xml version="1.0" encoding="utf-8"?>
<Project ToolsVersion="4.0" xmlns="http://schemas.microsoft.com/developer/msbuild/2003">
  <ItemGroup>
    <Filter Include="리소스 파일">
      <UniqueIdentifier>{67DA6AB6-F800-4c08-8B7A-83BB121AAD01}</UniqueIdentifier>
      <Extensions>rc;ico;cur;bmp;dlg;rc2;rct;bin;rgs;gif;jpg;jpeg;jpe;resx;tiff;tif;png;wav;mfcribbon-ms</Extensions>
    </Filter>
    <Filter Include="Scene">
      <UniqueIdentifier>{cccc3335-3368-44ac-960c-5c2623131dbe}</UniqueIdentifier>
    </Filter>
    <Filter Include="Object">
      <UniqueIdentifier>{823d8461-1ab9-4554-b331-817012de1816}</UniqueIdentifier>
    </Filter>
    <Filter Include="Texture">
      <UniqueIdentifier>{7cfe7ef4-99c7-4b90-8337-53e71b3b3bde}</UniqueIdentifier>
    </Filter>
    <Filter Include="Mesh">
      <UniqueIdentifier>{deeb590b-b51a-4606-9fcc-95d127163371}</UniqueIdentifier>
    </Filter>
  </ItemGroup>
  <ItemGroup>
    <ClInclude Include="pch.h" />
    <ClInclude Include="framework.h" />
    <ClInclude Include="CLApplication.hpp" />
    <ClInclude Include="CLTestHamburgerMesh.hpp">
      <Filter>Mesh</Filter>
    </ClInclude>
    <ClInclude Include="CLBurgerObject.hpp">
      <Filter>Object</Filter>
    </ClInclude>
    <ClInclude Include="CLPlaneObject.hpp">
      <Filter>Object</Filter>
    </ClInclude>
    <ClInclude Include="CLSphereObject.hpp">
      <Filter>Object</Filter>
    </ClInclude>
  </ItemGroup>
  <ItemGroup>
    <ClCompile Include="pch.cpp" />
    <ClCompile Include="CLApplication.cpp" />
    <ClCompile Include="Client.cpp" />
    <ClCompile Include="CLDefaultScene.hpp">
      <Filter>Scene</Filter>
    </ClCompile>
    <ClCompile Include="CLBurgerObject.cpp">
      <Filter>Object</Filter>
    </ClCompile>
    <ClCompile Include="CLPlaneObject.cpp">
      <Filter>Object</Filter>
    </ClCompile>
    <ClCompile Include="CLSphereObject.cpp">
      <Filter>Object</Filter>
    </ClCompile>
  </ItemGroup>
  <ItemGroup>
    <None Include="packages.config" />
  </ItemGroup>
</Project>