<?xml version="1.0" encoding="utf-8"?>
<Project ToolsVersion="4.0" xmlns="http://schemas.microsoft.com/developer/msbuild/2003">
  <ItemGroup>
    <ClCompile Include="IJ_Box.cpp" />
    <ClCompile Include="IJ_Button.cpp" />
    <ClCompile Include="IJ_ButtonConnectedDoor.cpp" />
    <ClCompile Include="IJ_ButtonConnectedObject.cpp" />
    <ClCompile Include="IJ_PlayerAim_Temp.cpp" />
    <ClCompile Include="yaBullet.cpp" />
    <ClCompile Include="yaPlayer.cpp" />
    <ClCompile Include="yaPlayerScript.cpp" />
    <ClCompile Include="yaPlayScene.cpp" />
    <ClCompile Include="yaPortal.cpp" />
    <ClCompile Include="yaTurret.cpp" />
    <ClCompile Include="yaBulletScript.cpp" />
    <ClCompile Include="yaTurretScript.cpp" />
    <ClCompile Include="yaToolScene.cpp" />
    <ClCompile Include="yaTile.cpp" />
    <Filter Include="Scens">
      <UniqueIdentifier>{80edf01e-7bf3-4629-8663-b2d23fb1d1bc}</UniqueIdentifier>
    </Filter>
    <Filter Include="Scripts">
      <UniqueIdentifier>{98d80dc2-7ef3-46b2-918b-e93d40e5ead2}</UniqueIdentifier>
    </Filter>
    <Filter Include="GameObjects">
      <UniqueIdentifier>{ddf577a3-351d-416f-92c0-6086e4c11f0a}</UniqueIdentifier>
    </Filter>
    <Filter Include="Player">
      <UniqueIdentifier>{6659dd5f-8960-4ad2-b7c9-57c3cc90c63d}</UniqueIdentifier>
    </Filter>
    <Filter Include="Turret">
      <UniqueIdentifier>{3fda4ee5-435c-4189-8148-6f63bf648f01}</UniqueIdentifier>
    </Filter>
    <Filter Include="GameObjects\Light">
      <UniqueIdentifier>{b3bbf6c6-633b-433c-875f-ed297b0c77d5}</UniqueIdentifier>
    </Filter>
    <Filter Include="GameObjects\Lighting">
      <UniqueIdentifier>{30198b27-d1af-4743-9f0d-71e8c4ff7bc1}</UniqueIdentifier>
    </Filter>
  </ItemGroup>
  <ItemGroup>
    <ClInclude Include="IJ_Box.h" />
    <ClInclude Include="IJ_Button.h" />
    <ClInclude Include="IJ_ButtonConnectedDoor.h" />
    <ClInclude Include="IJ_ButtonConnectedObject.h" />
    <ClInclude Include="IJ_PlayerAim_Temp.h" />
    <ClInclude Include="yaBullet.h" />
    <ClInclude Include="yaLoadScene.h" />
    <ClInclude Include="yaPlayer.h" />
    <ClInclude Include="yaPlayerScript.h" />
    <ClInclude Include="yaPlayScene.h" />
    <ClInclude Include="yaPortal.hpp" />
    <ClInclude Include="yaTurret.h" />
    <ClInclude Include="yaBulletScript.h" />
    <ClInclude Include="yaTurretScript.h" />
    <ClInclude Include="yaToolScene.h" />
    <ClInclude Include="yaTile.h" />
    <ClInclude Include="IJ_Button.h">
      <Filter>GameObjects</Filter>
    </ClInclude>
    <ClInclude Include="IJ_ButtonConnectedObject.h">
      <Filter>GameObjects</Filter>
    </ClInclude>
    <ClInclude Include="IJ_ButtonConnectedDoor.h">
      <Filter>GameObjects</Filter>
    </ClInclude>
    <ClInclude Include="yaPlayerShadow.h">
      <Filter>Player</Filter>
    </ClInclude>
    <ClInclude Include="yaLight.h">
      <Filter>GameObjects\Light</Filter>
    </ClInclude>
    <ClInclude Include="yaLighting.h">
      <Filter>GameObjects\Lighting</Filter>
    </ClInclude>
    <ClInclude Include="yaPortal.hpp">
      <Filter>GameObjects</Filter>
    </ClInclude>
  </ItemGroup>
  <ItemGroup>
    <ClCompile Include="yaPlayScene.cpp">
      <Filter>Scens</Filter>
    </ClCompile>
    <ClCompile Include="yaPlayerScript.cpp">
      <Filter>Scripts</Filter>
    </ClCompile>
    <ClCompile Include="yaPlayer.cpp">
      <Filter>Player</Filter>
    </ClCompile>
    <ClCompile Include="IJ_Box.cpp">
      <Filter>GameObjects</Filter>
    </ClCompile>
    <ClCompile Include="IJ_PlayerAim_Temp.cpp">
      <Filter>Player</Filter>
    </ClCompile>
    <ClCompile Include="yaTurret.cpp">
      <Filter>Turret</Filter>
    </ClCompile>
    <ClCompile Include="yaBullet.cpp">
      <Filter>Turret</Filter>
    </ClCompile>
    <ClCompile Include="yaBulletScript.cpp">
      <Filter>Scripts</Filter>
    </ClCompile>
    <ClCompile Include="yaTurretScript.cpp">
      <Filter>Scripts</Filter>
    </ClCompile>
      <Filter>Scens</Filter>
    <ClCompile Include="yaToolScene.cpp">
    </ClCompile>
    <ClCompile Include="yaPortal.cpp" />
    <ClCompile Include="IJ_Button.cpp">
      <Filter>GameObjects</Filter>
    </ClCompile>
    <ClCompile Include="IJ_ButtonConnectedObject.cpp">
      <Filter>GameObjects</Filter>
    </ClCompile>
    <ClCompile Include="IJ_ButtonConnectedDoor.cpp">
      <Filter>GameObjects</Filter>
    </ClCompile>
    <ClCompile Include="yaPlayerShadow.cpp">
      <Filter>Player</Filter>
    </ClCompile>
    <ClCompile Include="yaLight.cpp">
      <Filter>GameObjects\Light</Filter>
    </ClCompile>
    <ClCompile Include="yaLighting.cpp">
      <Filter>GameObjects\Lighting</Filter>
    </ClCompile>
    <ClCompile Include="yaPortal.cpp">
      <Filter>GameObjects</Filter>
    </ClCompile>
  </ItemGroup>
  <ItemGroup>
    <None Include="packages.config" />
  </ItemGroup>
</Project>