<?xml version="1.0" encoding="utf-8"?>
<Project ToolsVersion="4.0" xmlns="http://schemas.microsoft.com/developer/msbuild/2003">
  <ItemGroup>
    <Filter Include="Source Files">
      <UniqueIdentifier>{4FC737F1-C7A5-4376-A066-2A32D752A2FF}</UniqueIdentifier>
      <Extensions>cpp;c;cc;cxx;c++;cppm;ixx;def;odl;idl;hpj;bat;asm;asmx</Extensions>
    </Filter>
    <Filter Include="Header Files">
      <UniqueIdentifier>{93995380-89BD-4b04-88EB-625FBE52EBFB}</UniqueIdentifier>
      <Extensions>h;hh;hpp;hxx;h++;hm;inl;inc;ipp;xsd</Extensions>
    </Filter>
    <Filter Include="Resource Files">
      <UniqueIdentifier>{67DA6AB6-F800-4c08-8B7A-83BB121AAD01}</UniqueIdentifier>
      <Extensions>rc;ico;cur;bmp;dlg;rc2;rct;bin;rgs;gif;jpg;jpeg;jpe;resx;tiff;tif;png;wav;mfcribbon-ms</Extensions>
    </Filter>
    <Filter Include="Engine\Resource\Texture">
      <UniqueIdentifier>{99984a2a-9389-4177-a1e9-c7ce07b95c20}</UniqueIdentifier>
    </Filter>
  </ItemGroup>
  <ItemGroup>
    <Filter Include="Engine">
      <UniqueIdentifier>{07d29839-b222-4bd8-9aa5-43ffff3829ad}</UniqueIdentifier>
    </Filter>
    <Filter Include="Engine\Graphics">
      <UniqueIdentifier>{5b072e5f-42ce-4db7-8545-3aa867fa7177}</UniqueIdentifier>
    </Filter>
    <Filter Include="Engine\Graphics\API">
      <UniqueIdentifier>{5bc4b6ee-cce2-475d-b5d3-46c8c60d347b}</UniqueIdentifier>
    </Filter>
    <Filter Include="Engine\Common">
      <UniqueIdentifier>{fe7a8fd6-6571-46ba-b1d4-c40e6443b6a9}</UniqueIdentifier>
    </Filter>
    <Filter Include="Engine\High Level Interface">
      <UniqueIdentifier>{7ed2c7a5-cbd8-481d-aaf2-093b468992a5}</UniqueIdentifier>
    </Filter>
    <Filter Include="Engine\Helpers">
      <UniqueIdentifier>{441f3aa3-1050-4b15-8ecc-8ae03fe17d3f}</UniqueIdentifier>
    </Filter>
    <Filter Include="Engine\Helpers\Input">
      <UniqueIdentifier>{0ce7eac3-d9e6-45fe-b9cb-a70378cd4052}</UniqueIdentifier>
    </Filter>
    <Filter Include="Engine\Helpers\Mathatics">
      <UniqueIdentifier>{92bcbd26-e078-4a72-a3d4-82b6334a8ade}</UniqueIdentifier>
    </Filter>
    <Filter Include="Engine\Helpers\Time">
      <UniqueIdentifier>{ae13338d-89b3-41fc-9a89-96a12f7008fa}</UniqueIdentifier>
    </Filter>
    <Filter Include="Engine\GameObject">
      <UniqueIdentifier>{f2202a6c-5327-4020-b20e-bc09a15e451e}</UniqueIdentifier>
    </Filter>
    <Filter Include="Engine\Resource">
      <UniqueIdentifier>{fb2abeec-88b0-4e69-85c7-a3d23d002492}</UniqueIdentifier>
    </Filter>
    <Filter Include="Engine\Resource\Manager">
      <UniqueIdentifier>{a9975127-f146-4ca8-b080-d75c87e43139}</UniqueIdentifier>
    </Filter>
    <Filter Include="Engine\Resource\Shader">
      <UniqueIdentifier>{9aef7b59-8478-4740-8077-98ec053aa31c}</UniqueIdentifier>
    </Filter>
    <Filter Include="Engine\Resource\Mesh">
      <UniqueIdentifier>{3a0bebf0-67f2-4ebe-81f0-3df4fed4a829}</UniqueIdentifier>
    </Filter>
    <Filter Include="Engine\System">
      <UniqueIdentifier>{dc6017b7-3111-4296-89cb-09b7b6795ce4}</UniqueIdentifier>
    </Filter>
    <Filter Include="Engine\Scene">
      <UniqueIdentifier>{6fc2e3a8-c6a3-425e-8017-fff258e5f623}</UniqueIdentifier>
    </Filter>
    <Filter Include="Engine\Component">
      <UniqueIdentifier>{7fc39476-afc7-4e13-9aa2-5f2cf1af22e8}</UniqueIdentifier>
    </Filter>
    <Filter Include="Engine\Component\Collider">
      <UniqueIdentifier>{9a298c9d-bb4b-4d6b-a2b3-4c454fb8b5a1}</UniqueIdentifier>
    </Filter>
    <Filter Include="Engine\Component\Rigidbody">
      <UniqueIdentifier>{7f39fc72-f7ed-454f-83ca-b8c49d4e4950}</UniqueIdentifier>
    </Filter>
    <Filter Include="Engine\Component\MeshRenderer">
      <UniqueIdentifier>{48472321-ba1a-4734-8248-1cdb5e87be5f}</UniqueIdentifier>
    </Filter>
    <Filter Include="Engine\Component\Transform">
      <UniqueIdentifier>{1ba964e4-a15a-4e33-80f3-064150ca390e}</UniqueIdentifier>
    </Filter>
    <Filter Include="Engine\Camera">
      <UniqueIdentifier>{27c4fb1e-6ae8-4c39-aa20-84cd28d518dc}</UniqueIdentifier>
    </Filter>
    <Filter Include="Engine\Collision">
      <UniqueIdentifier>{2f1e3132-b5b0-434d-b711-cf39cb773818}</UniqueIdentifier>
    </Filter>
  </ItemGroup>
  <ItemGroup>
    <ClCompile Include="yaRenderer.cpp">
      <Filter>Engine\Graphics</Filter>
    </ClCompile>
    <ClCompile Include="yaGraphicsDevice_DX11.cpp">
      <Filter>Engine\Graphics\API</Filter>
    </ClCompile>
    <ClCompile Include="yaApplication.cpp">
      <Filter>Engine\High Level Interface</Filter>
    </ClCompile>
    <ClCompile Include="yaMaterial.cpp">
      <Filter>Engine\High Level Interface</Filter>
    </ClCompile>
    <ClCompile Include="yaInput.cpp">
      <Filter>Engine\Helpers\Input</Filter>
    </ClCompile>
    <ClCompile Include="yaMath.cpp">
      <Filter>Engine\Helpers\Mathatics</Filter>
    </ClCompile>
    <ClCompile Include="yaTime.cpp">
      <Filter>Engine\Helpers\Time</Filter>
    </ClCompile>
    <ClCompile Include="yaEntity.cpp">
      <Filter>Engine\GameObject</Filter>
    </ClCompile>
    <ClCompile Include="yaGameObject.cpp">
      <Filter>Engine\GameObject</Filter>
    </ClCompile>
    <ClCompile Include="yaResource.cpp">
      <Filter>Engine\Resource</Filter>
    </ClCompile>
    <ClCompile Include="yaResources.cpp">
      <Filter>Engine\Resource\Manager</Filter>
    </ClCompile>
    <ClCompile Include="yaConstantBuffer.cpp">
      <Filter>Engine\Resource\Shader</Filter>
    </ClCompile>
    <ClCompile Include="yaShader.cpp">
      <Filter>Engine\Resource\Shader</Filter>
    </ClCompile>
    <ClCompile Include="yaMesh.cpp">
      <Filter>Engine\Resource\Mesh</Filter>
    </ClCompile>
    <ClCompile Include="yaLayer.cpp">
      <Filter>Engine\Scene</Filter>
    </ClCompile>
    <ClCompile Include="yaScene.cpp">
      <Filter>Engine\Scene</Filter>
    </ClCompile>
    <ClCompile Include="yaSceneManager.cpp">
      <Filter>Engine\Scene</Filter>
    </ClCompile>
    <ClCompile Include="yaComponent.cpp">
      <Filter>Engine\Component</Filter>
    </ClCompile>
    <ClCompile Include="yaScript.cpp">
      <Filter>Engine\Component</Filter>
    </ClCompile>
    <ClCompile Include="yaCollider.cpp">
      <Filter>Engine\Component\Collider</Filter>
    </ClCompile>
    <ClCompile Include="yaRigidbody.cpp">
      <Filter>Engine\Component\Rigidbody</Filter>
    </ClCompile>
    <ClCompile Include="yaMeshRenderer.cpp">
      <Filter>Engine\Component\MeshRenderer</Filter>
    </ClCompile>
    <ClCompile Include="yaTransform.cpp">
      <Filter>Engine\Component\Transform</Filter>
    </ClCompile>
    <ClCompile Include="yaCamera.cpp">
      <Filter>Engine\Camera</Filter>
    </ClCompile>
    <ClCompile Include="yaCollisionManager.cpp">
      <Filter>Engine\Collision</Filter>
    </ClCompile>
    <ClCompile Include="yaTexture.cpp">
      <Filter>Engine\Resource\Texture</Filter>
    </ClCompile>
  </ItemGroup>
  <ItemGroup>
    <ClInclude Include="yaRenderer.h">
      <Filter>Engine\Graphics</Filter>
    </ClInclude>
    <ClInclude Include="yaGraphics.h">
      <Filter>Engine\Graphics\API</Filter>
    </ClInclude>
    <ClInclude Include="yaGraphicsDevice.h">
      <Filter>Engine\Graphics\API</Filter>
    </ClInclude>
    <ClInclude Include="yaGraphicsDevice_DX11.h">
      <Filter>Engine\Graphics\API</Filter>
    </ClInclude>
    <ClInclude Include="CommonInclude.h">
      <Filter>Engine\Common</Filter>
    </ClInclude>
    <ClInclude Include="yaEnums.h">
      <Filter>Engine\Common</Filter>
    </ClInclude>
    <ClInclude Include="YamYamEngine.h">
      <Filter>Engine\Common</Filter>
    </ClInclude>
    <ClInclude Include="yaApplication.h">
      <Filter>Engine\High Level Interface</Filter>
    </ClInclude>
    <ClInclude Include="yaMaterial.h">
      <Filter>Engine\High Level Interface</Filter>
    </ClInclude>
    <ClInclude Include="yaInput.h">
      <Filter>Engine\Helpers\Input</Filter>
    </ClInclude>
    <ClInclude Include="yaMath.h">
      <Filter>Engine\Helpers\Mathatics</Filter>
    </ClInclude>
    <ClInclude Include="yaTime.h">
      <Filter>Engine\Helpers\Time</Filter>
    </ClInclude>
    <ClInclude Include="yaEntity.h">
      <Filter>Engine\GameObject</Filter>
    </ClInclude>
    <ClInclude Include="yaGameObject.h">
      <Filter>Engine\GameObject</Filter>
    </ClInclude>
    <ClInclude Include="yaResource.h">
      <Filter>Engine\Resource</Filter>
    </ClInclude>
    <ClInclude Include="yaResources.h">
      <Filter>Engine\Resource\Manager</Filter>
    </ClInclude>
    <ClInclude Include="yaConstantBuffer.h">
      <Filter>Engine\Resource\Shader</Filter>
    </ClInclude>
    <ClInclude Include="yaShader.h">
      <Filter>Engine\Resource\Shader</Filter>
    </ClInclude>
    <ClInclude Include="yaMesh.h">
      <Filter>Engine\Resource\Mesh</Filter>
    </ClInclude>
    <ClInclude Include="yaCanvas.h">
      <Filter>Engine\System</Filter>
    </ClInclude>
    <ClInclude Include="yaLayer.h">
      <Filter>Engine\Scene</Filter>
    </ClInclude>
    <ClInclude Include="yaScene.h">
      <Filter>Engine\Scene</Filter>
    </ClInclude>
    <ClInclude Include="yaSceneManager.h">
      <Filter>Engine\Scene</Filter>
    </ClInclude>
    <ClInclude Include="yaComponent.h">
      <Filter>Engine\Component</Filter>
    </ClInclude>
    <ClInclude Include="yaScript.h">
      <Filter>Engine\Component</Filter>
    </ClInclude>
    <ClInclude Include="yaCollider.h">
      <Filter>Engine\Component\Collider</Filter>
    </ClInclude>
    <ClInclude Include="yaRigidbody.h">
      <Filter>Engine\Component\Rigidbody</Filter>
    </ClInclude>
    <ClInclude Include="yaMeshRenderer.h">
      <Filter>Engine\Component\MeshRenderer</Filter>
    </ClInclude>
    <ClInclude Include="yaTransform.h">
      <Filter>Engine\Component\Transform</Filter>
    </ClInclude>
    <ClInclude Include="yaCamera.h">
      <Filter>Engine\Camera</Filter>
    </ClInclude>
    <ClInclude Include="yaCollisionManager.h">
      <Filter>Engine\Collision</Filter>
    </ClInclude>
    <ClInclude Include="yaTexture.hpp">
      <Filter>Engine\Resource\Texture</Filter>
    </ClInclude>
    <ClInclude Include="yaTriangleMesh.hpp">
      <Filter>Engine\Resource\Mesh</Filter>
    </ClInclude>
    <ClInclude Include="yaSquareMesh.hpp">
      <Filter>Engine\Resource\Mesh</Filter>
    </ClInclude>
    <ClInclude Include="yaLightingMesh.hpp">
      <Filter>Engine\Resource\Mesh</Filter>
    </ClInclude>
    <ClInclude Include="yaShadowMesh.hpp">
      <Filter>Engine\Resource\Mesh</Filter>
    </ClInclude>
  </ItemGroup>
  <ItemGroup>
    <None Include="packages.config" />
  </ItemGroup>
</Project>